
Microsoft Visual Studio Solution File, Format Version 12.00
# Visual Studio Version 17
VisualStudioVersion = 17.14.36705.20 d17.14
MinimumVisualStudioVersion = 10.0.40219.1
Project("{8BC9CEB8-8B4A-11D0-8D11-00A0C91BC942}") = "Utility Library", "Utility Library\Utility Library.vcxproj", "{6BBAF36D-F1E6-4E57-A83A-32B0BCE25A44}"
EndProject
Global
	GlobalSection(SolutionConfigurationPlatforms) = preSolution
		Debug|x64 = Debug|x64
		Debug|x86 = Debug|x86
		Release|x64 = Release|x64
		Release|x86 = Release|x86
	EndGlobalSection
	GlobalSection(ProjectConfigurationPlatforms) = postSolution
		{6BBAF36D-F1E6-4E57-A83A-32B0BCE25A44}.Debug|x64.ActiveCfg = Debug|x64
		{6BBAF36D-F1E6-4E57-A83A-32B0BCE25A44}.Debug|x64.Build.0 = Debug|x64
		{6BBAF36D-F1E6-4E57-A83A-32B0BCE25A44}.Debug|x86.ActiveCfg = Debug|Win32
		{6BBAF36D-F1E6-4E57-A83A-32B0BCE25A44}.Debug|x86.Build.0 = Debug|Win32
		{6BBAF36D-F1E6-4E57-A83A-32B0BCE25A44}.Release|x64.ActiveCfg = Release|x64
		{6BBAF36D-F1E6-4E57-A83A-32B0BCE25A44}.Release|x64.Build.0 = Release|x64
		{6BBAF36D-F1E6-4E57-A83A-32B0BCE25A44}.Release|x86.ActiveCfg = Release|Win32
		{6BBAF36D-F1E6-4E57-A83A-32B0BCE25A44}.Release|x86.Build.0 = Release|Win32
	EndGlobalSection
	GlobalSection(SolutionProperties) = preSolution
		HideSolutionNode = FALSE
	EndGlobalSection
	GlobalSection(ExtensibilityGlobals) = postSolution
		SolutionGuid = {D1905524-6AD2-4965-B709-DF579B0FF340}
	EndGlobalSection
EndGlobal
